
Microsoft Visual Studio Solution File, Format Version 12.00
# Visual Studio Version 17
VisualStudioVersion = 17.0.32014.148
MinimumVisualStudioVersion = 10.0.40219.1
Project("{9A19103F-16F7-4668-BE54-9A1E7A4F7556}") = "FileTime.Core", "Core\FileTime.Core\FileTime.Core.csproj", "{F5C58BDC-BDCE-47B8-9371-70DB815E9B0E}"
EndProject
Project("{9A19103F-16F7-4668-BE54-9A1E7A4F7556}") = "FileTime.ConsoleUI", "ConsoleApp\FileTime.ConsoleUI\FileTime.ConsoleUI.csproj", "{EC1F7FC4-5600-4953-A85A-534CA43601C3}"
EndProject
Project("{9A19103F-16F7-4668-BE54-9A1E7A4F7556}") = "FileTime.ConsoleUI.App", "ConsoleApp\FileTime.ConsoleUI.App\FileTime.ConsoleUI.App.csproj", "{A88EB44A-EE33-4A91-8C61-B33B31C9DF07}"
EndProject
Project("{2150E333-8FDC-42A3-9474-1A3956D46DE8}") = "Providers", "Providers", "{517D96CE-A956-4638-A93D-465D34DE22B1}"
EndProject
Project("{9A19103F-16F7-4668-BE54-9A1E7A4F7556}") = "FileTime.Providers.Local", "Providers\FileTime.Providers.Local\FileTime.Providers.Local.csproj", "{AAE01ED7-2E8B-40A2-AD0E-95BDA7C99272}"
EndProject
Project("{9A19103F-16F7-4668-BE54-9A1E7A4F7556}") = "FileTime.App.Core", "AppCommon\FileTime.App.Core\FileTime.App.Core.csproj", "{2C0F630D-FD5D-4554-B8DD-F11BF4EB49C5}"
EndProject
Project("{9A19103F-16F7-4668-BE54-9A1E7A4F7556}") = "FileTime.App.Style", "AppCommon\FileTime.App.Style\FileTime.App.Style.csproj", "{92961CA3-ECAB-4920-95CA-F37E8F3EFDFA}"
EndProject
Project("{9A19103F-16F7-4668-BE54-9A1E7A4F7556}") = "FileTime.App.Style.Abstraction", "AppCommon\FileTime.App.Style.Abstraction\FileTime.App.Style.Abstraction.csproj", "{BEA824B0-7684-44FF-95BF-A75E92A36C9F}"
EndProject
Project("{2150E333-8FDC-42A3-9474-1A3956D46DE8}") = "ConsoleApp", "ConsoleApp", "{1E192D23-2B2B-47E1-915C-82A061C05580}"
EndProject
Project("{2150E333-8FDC-42A3-9474-1A3956D46DE8}") = "AppCommon", "AppCommon", "{D4C7E692-53C0-4423-9944-E25FE3D51BA2}"
EndProject
Project("{2150E333-8FDC-42A3-9474-1A3956D46DE8}") = "Core", "Core", "{38B1B927-4201-4B7A-87EE-737B8C6D4090}"
EndProject
Project("{9A19103F-16F7-4668-BE54-9A1E7A4F7556}") = "FileTime.App.DependencyInjection", "AppCommon\FileTime.App.DependencyInjection\FileTime.App.DependencyInjection.csproj", "{F46D6CE5-4811-45B8-9CD4-3C993318A2E6}"
EndProject
Project("{9A19103F-16F7-4668-BE54-9A1E7A4F7556}") = "FileTime.Providers.Smb", "Providers\FileTime.Providers.Smb\FileTime.Providers.Smb.csproj", "{35963404-39F6-4CDA-A0FE-A91036FA8DAC}"
EndProject
Project("{2150E333-8FDC-42A3-9474-1A3956D46DE8}") = "GuiApp", "GuiApp", "{890275FF-943A-4D07-83BA-14E5C52D7846}"
EndProject
Project("{2150E333-8FDC-42A3-9474-1A3956D46DE8}") = "FileTime.Uno", "FileTime.Uno", "{7CF1A80E-709A-4CB0-8434-7B2F0A4BC497}"
EndProject
Project("{D954291E-2A0B-460D-934E-DC6B0785DB48}") = "FileTime.Uno.Shared", "GuiApp\FileTime.Uno\FileTime.Uno.Shared\FileTime.Uno.Shared.shproj", "{6279C845-92F8-4333-AB99-3D213163593C}"
EndProject
Project("{9A19103F-16F7-4668-BE54-9A1E7A4F7556}") = "FileTime.Uno.Skia.Gtk", "GuiApp\FileTime.Uno\FileTime.Uno.Skia.Gtk\FileTime.Uno.Skia.Gtk.csproj", "{C56E7DA4-4F15-490E-AE9F-3893238C56D1}"
EndProject
Project("{9A19103F-16F7-4668-BE54-9A1E7A4F7556}") = "FileTime.Uno.Skia.Linux.FrameBuffer", "GuiApp\FileTime.Uno\FileTime.Uno.Skia.Linux.FrameBuffer\FileTime.Uno.Skia.Linux.FrameBuffer.csproj", "{CCB064F4-8CAE-4A88-BCA7-D7D9041C6E1B}"
EndProject
Project("{9A19103F-16F7-4668-BE54-9A1E7A4F7556}") = "FileTime.Uno.Wasm", "GuiApp\FileTime.Uno\FileTime.Uno.Wasm\FileTime.Uno.Wasm.csproj", "{A7E1383B-E334-4CC2-AF34-D413213847B6}"
EndProject
Project("{9A19103F-16F7-4668-BE54-9A1E7A4F7556}") = "FileTime.Uno.Windows.Desktop", "GuiApp\FileTime.Uno\FileTime.Uno.Windows.Desktop\FileTime.Uno.Windows.Desktop.csproj", "{02ACEF48-3BE8-43E5-9358-A914BCBEA7CA}"
EndProject
Project("{C7167F0D-BC9F-4E6E-AFE1-012C56B48DB5}") = "FileTime.Uno.Windows.Package", "GuiApp\FileTime.Uno\FileTime.Uno.Windows.Package\FileTime.Uno.Windows.Package.wapproj", "{6BB770CB-B0C1-4A82-86B1-3C56F4393BE1}"
EndProject
Project("{9A19103F-16F7-4668-BE54-9A1E7A4F7556}") = "AsyncEvent", "Core\AsyncEvent\AsyncEvent.csproj", "{9BDAC126-200F-4056-8D35-36EC059B40F3}"
EndProject
Project("{9A19103F-16F7-4668-BE54-9A1E7A4F7556}") = "FileTime.Avalonia", "GuiApp\FileTime.Avalonia\FileTime.Avalonia.csproj", "{22B33BC6-3987-4BE6-8C54-BFC75C78CCE7}"
EndProject
Global
	GlobalSection(SharedMSBuildProjectFiles) = preSolution
		GuiApp\FileTime.Uno\FileTime.Uno.Shared\FileTime.Uno.Shared.projitems*{02acef48-3be8-43e5-9358-a914bcbea7ca}*SharedItemsImports = 5
		GuiApp\FileTime.Uno\FileTime.Uno.Shared\FileTime.Uno.Shared.projitems*{6279c845-92f8-4333-ab99-3d213163593c}*SharedItemsImports = 13
		GuiApp\FileTime.Uno\FileTime.Uno.Shared\FileTime.Uno.Shared.projitems*{a7e1383b-e334-4cc2-af34-d413213847b6}*SharedItemsImports = 5
		GuiApp\FileTime.Uno\FileTime.Uno.Shared\FileTime.Uno.Shared.projitems*{c56e7da4-4f15-490e-ae9f-3893238c56d1}*SharedItemsImports = 5
		GuiApp\FileTime.Uno\FileTime.Uno.Shared\FileTime.Uno.Shared.projitems*{ccb064f4-8cae-4a88-bca7-d7d9041c6e1b}*SharedItemsImports = 5
	EndGlobalSection
	GlobalSection(SolutionConfigurationPlatforms) = preSolution
		Debug|Any CPU = Debug|Any CPU
		Debug|ARM = Debug|ARM
		Debug|ARM64 = Debug|ARM64
		Debug|x64 = Debug|x64
		Debug|x86 = Debug|x86
		Release|Any CPU = Release|Any CPU
		Release|ARM = Release|ARM
		Release|ARM64 = Release|ARM64
		Release|x64 = Release|x64
		Release|x86 = Release|x86
	EndGlobalSection
	GlobalSection(ProjectConfigurationPlatforms) = postSolution
		{F5C58BDC-BDCE-47B8-9371-70DB815E9B0E}.Debug|Any CPU.ActiveCfg = Debug|Any CPU
		{F5C58BDC-BDCE-47B8-9371-70DB815E9B0E}.Debug|Any CPU.Build.0 = Debug|Any CPU
		{F5C58BDC-BDCE-47B8-9371-70DB815E9B0E}.Debug|ARM.ActiveCfg = Debug|Any CPU
		{F5C58BDC-BDCE-47B8-9371-70DB815E9B0E}.Debug|ARM.Build.0 = Debug|Any CPU
		{F5C58BDC-BDCE-47B8-9371-70DB815E9B0E}.Debug|ARM64.ActiveCfg = Debug|Any CPU
		{F5C58BDC-BDCE-47B8-9371-70DB815E9B0E}.Debug|ARM64.Build.0 = Debug|Any CPU
		{F5C58BDC-BDCE-47B8-9371-70DB815E9B0E}.Debug|x64.ActiveCfg = Debug|Any CPU
		{F5C58BDC-BDCE-47B8-9371-70DB815E9B0E}.Debug|x64.Build.0 = Debug|Any CPU
		{F5C58BDC-BDCE-47B8-9371-70DB815E9B0E}.Debug|x86.ActiveCfg = Debug|Any CPU
		{F5C58BDC-BDCE-47B8-9371-70DB815E9B0E}.Debug|x86.Build.0 = Debug|Any CPU
		{F5C58BDC-BDCE-47B8-9371-70DB815E9B0E}.Release|Any CPU.ActiveCfg = Release|Any CPU
		{F5C58BDC-BDCE-47B8-9371-70DB815E9B0E}.Release|Any CPU.Build.0 = Release|Any CPU
		{F5C58BDC-BDCE-47B8-9371-70DB815E9B0E}.Release|ARM.ActiveCfg = Release|Any CPU
		{F5C58BDC-BDCE-47B8-9371-70DB815E9B0E}.Release|ARM.Build.0 = Release|Any CPU
		{F5C58BDC-BDCE-47B8-9371-70DB815E9B0E}.Release|ARM64.ActiveCfg = Release|Any CPU
		{F5C58BDC-BDCE-47B8-9371-70DB815E9B0E}.Release|ARM64.Build.0 = Release|Any CPU
		{F5C58BDC-BDCE-47B8-9371-70DB815E9B0E}.Release|x64.ActiveCfg = Release|Any CPU
		{F5C58BDC-BDCE-47B8-9371-70DB815E9B0E}.Release|x64.Build.0 = Release|Any CPU
		{F5C58BDC-BDCE-47B8-9371-70DB815E9B0E}.Release|x86.ActiveCfg = Release|Any CPU
		{F5C58BDC-BDCE-47B8-9371-70DB815E9B0E}.Release|x86.Build.0 = Release|Any CPU
		{EC1F7FC4-5600-4953-A85A-534CA43601C3}.Debug|Any CPU.ActiveCfg = Debug|Any CPU
		{EC1F7FC4-5600-4953-A85A-534CA43601C3}.Debug|Any CPU.Build.0 = Debug|Any CPU
		{EC1F7FC4-5600-4953-A85A-534CA43601C3}.Debug|ARM.ActiveCfg = Debug|Any CPU
		{EC1F7FC4-5600-4953-A85A-534CA43601C3}.Debug|ARM.Build.0 = Debug|Any CPU
		{EC1F7FC4-5600-4953-A85A-534CA43601C3}.Debug|ARM64.ActiveCfg = Debug|Any CPU
		{EC1F7FC4-5600-4953-A85A-534CA43601C3}.Debug|ARM64.Build.0 = Debug|Any CPU
		{EC1F7FC4-5600-4953-A85A-534CA43601C3}.Debug|x64.ActiveCfg = Debug|Any CPU
		{EC1F7FC4-5600-4953-A85A-534CA43601C3}.Debug|x64.Build.0 = Debug|Any CPU
		{EC1F7FC4-5600-4953-A85A-534CA43601C3}.Debug|x86.ActiveCfg = Debug|Any CPU
		{EC1F7FC4-5600-4953-A85A-534CA43601C3}.Debug|x86.Build.0 = Debug|Any CPU
		{EC1F7FC4-5600-4953-A85A-534CA43601C3}.Release|Any CPU.ActiveCfg = Release|Any CPU
		{EC1F7FC4-5600-4953-A85A-534CA43601C3}.Release|Any CPU.Build.0 = Release|Any CPU
		{EC1F7FC4-5600-4953-A85A-534CA43601C3}.Release|ARM.ActiveCfg = Release|Any CPU
		{EC1F7FC4-5600-4953-A85A-534CA43601C3}.Release|ARM.Build.0 = Release|Any CPU
		{EC1F7FC4-5600-4953-A85A-534CA43601C3}.Release|ARM64.ActiveCfg = Release|Any CPU
		{EC1F7FC4-5600-4953-A85A-534CA43601C3}.Release|ARM64.Build.0 = Release|Any CPU
		{EC1F7FC4-5600-4953-A85A-534CA43601C3}.Release|x64.ActiveCfg = Release|Any CPU
		{EC1F7FC4-5600-4953-A85A-534CA43601C3}.Release|x64.Build.0 = Release|Any CPU
		{EC1F7FC4-5600-4953-A85A-534CA43601C3}.Release|x86.ActiveCfg = Release|Any CPU
		{EC1F7FC4-5600-4953-A85A-534CA43601C3}.Release|x86.Build.0 = Release|Any CPU
		{A88EB44A-EE33-4A91-8C61-B33B31C9DF07}.Debug|Any CPU.ActiveCfg = Debug|Any CPU
		{A88EB44A-EE33-4A91-8C61-B33B31C9DF07}.Debug|Any CPU.Build.0 = Debug|Any CPU
		{A88EB44A-EE33-4A91-8C61-B33B31C9DF07}.Debug|ARM.ActiveCfg = Debug|Any CPU
		{A88EB44A-EE33-4A91-8C61-B33B31C9DF07}.Debug|ARM.Build.0 = Debug|Any CPU
		{A88EB44A-EE33-4A91-8C61-B33B31C9DF07}.Debug|ARM64.ActiveCfg = Debug|Any CPU
		{A88EB44A-EE33-4A91-8C61-B33B31C9DF07}.Debug|ARM64.Build.0 = Debug|Any CPU
		{A88EB44A-EE33-4A91-8C61-B33B31C9DF07}.Debug|x64.ActiveCfg = Debug|Any CPU
		{A88EB44A-EE33-4A91-8C61-B33B31C9DF07}.Debug|x64.Build.0 = Debug|Any CPU
		{A88EB44A-EE33-4A91-8C61-B33B31C9DF07}.Debug|x86.ActiveCfg = Debug|Any CPU
		{A88EB44A-EE33-4A91-8C61-B33B31C9DF07}.Debug|x86.Build.0 = Debug|Any CPU
		{A88EB44A-EE33-4A91-8C61-B33B31C9DF07}.Release|Any CPU.ActiveCfg = Release|Any CPU
		{A88EB44A-EE33-4A91-8C61-B33B31C9DF07}.Release|Any CPU.Build.0 = Release|Any CPU
		{A88EB44A-EE33-4A91-8C61-B33B31C9DF07}.Release|ARM.ActiveCfg = Release|Any CPU
		{A88EB44A-EE33-4A91-8C61-B33B31C9DF07}.Release|ARM.Build.0 = Release|Any CPU
		{A88EB44A-EE33-4A91-8C61-B33B31C9DF07}.Release|ARM64.ActiveCfg = Release|Any CPU
		{A88EB44A-EE33-4A91-8C61-B33B31C9DF07}.Release|ARM64.Build.0 = Release|Any CPU
		{A88EB44A-EE33-4A91-8C61-B33B31C9DF07}.Release|x64.ActiveCfg = Release|Any CPU
		{A88EB44A-EE33-4A91-8C61-B33B31C9DF07}.Release|x64.Build.0 = Release|Any CPU
		{A88EB44A-EE33-4A91-8C61-B33B31C9DF07}.Release|x86.ActiveCfg = Release|Any CPU
		{A88EB44A-EE33-4A91-8C61-B33B31C9DF07}.Release|x86.Build.0 = Release|Any CPU
		{AAE01ED7-2E8B-40A2-AD0E-95BDA7C99272}.Debug|Any CPU.ActiveCfg = Debug|Any CPU
		{AAE01ED7-2E8B-40A2-AD0E-95BDA7C99272}.Debug|Any CPU.Build.0 = Debug|Any CPU
		{AAE01ED7-2E8B-40A2-AD0E-95BDA7C99272}.Debug|ARM.ActiveCfg = Debug|Any CPU
		{AAE01ED7-2E8B-40A2-AD0E-95BDA7C99272}.Debug|ARM.Build.0 = Debug|Any CPU
		{AAE01ED7-2E8B-40A2-AD0E-95BDA7C99272}.Debug|ARM64.ActiveCfg = Debug|Any CPU
		{AAE01ED7-2E8B-40A2-AD0E-95BDA7C99272}.Debug|ARM64.Build.0 = Debug|Any CPU
		{AAE01ED7-2E8B-40A2-AD0E-95BDA7C99272}.Debug|x64.ActiveCfg = Debug|Any CPU
		{AAE01ED7-2E8B-40A2-AD0E-95BDA7C99272}.Debug|x64.Build.0 = Debug|Any CPU
		{AAE01ED7-2E8B-40A2-AD0E-95BDA7C99272}.Debug|x86.ActiveCfg = Debug|Any CPU
		{AAE01ED7-2E8B-40A2-AD0E-95BDA7C99272}.Debug|x86.Build.0 = Debug|Any CPU
		{AAE01ED7-2E8B-40A2-AD0E-95BDA7C99272}.Release|Any CPU.ActiveCfg = Release|Any CPU
		{AAE01ED7-2E8B-40A2-AD0E-95BDA7C99272}.Release|Any CPU.Build.0 = Release|Any CPU
		{AAE01ED7-2E8B-40A2-AD0E-95BDA7C99272}.Release|ARM.ActiveCfg = Release|Any CPU
		{AAE01ED7-2E8B-40A2-AD0E-95BDA7C99272}.Release|ARM.Build.0 = Release|Any CPU
		{AAE01ED7-2E8B-40A2-AD0E-95BDA7C99272}.Release|ARM64.ActiveCfg = Release|Any CPU
		{AAE01ED7-2E8B-40A2-AD0E-95BDA7C99272}.Release|ARM64.Build.0 = Release|Any CPU
		{AAE01ED7-2E8B-40A2-AD0E-95BDA7C99272}.Release|x64.ActiveCfg = Release|Any CPU
		{AAE01ED7-2E8B-40A2-AD0E-95BDA7C99272}.Release|x64.Build.0 = Release|Any CPU
		{AAE01ED7-2E8B-40A2-AD0E-95BDA7C99272}.Release|x86.ActiveCfg = Release|Any CPU
		{AAE01ED7-2E8B-40A2-AD0E-95BDA7C99272}.Release|x86.Build.0 = Release|Any CPU
		{2C0F630D-FD5D-4554-B8DD-F11BF4EB49C5}.Debug|Any CPU.ActiveCfg = Debug|Any CPU
		{2C0F630D-FD5D-4554-B8DD-F11BF4EB49C5}.Debug|Any CPU.Build.0 = Debug|Any CPU
		{2C0F630D-FD5D-4554-B8DD-F11BF4EB49C5}.Debug|ARM.ActiveCfg = Debug|Any CPU
		{2C0F630D-FD5D-4554-B8DD-F11BF4EB49C5}.Debug|ARM.Build.0 = Debug|Any CPU
		{2C0F630D-FD5D-4554-B8DD-F11BF4EB49C5}.Debug|ARM64.ActiveCfg = Debug|Any CPU
		{2C0F630D-FD5D-4554-B8DD-F11BF4EB49C5}.Debug|ARM64.Build.0 = Debug|Any CPU
		{2C0F630D-FD5D-4554-B8DD-F11BF4EB49C5}.Debug|x64.ActiveCfg = Debug|Any CPU
		{2C0F630D-FD5D-4554-B8DD-F11BF4EB49C5}.Debug|x64.Build.0 = Debug|Any CPU
		{2C0F630D-FD5D-4554-B8DD-F11BF4EB49C5}.Debug|x86.ActiveCfg = Debug|Any CPU
		{2C0F630D-FD5D-4554-B8DD-F11BF4EB49C5}.Debug|x86.Build.0 = Debug|Any CPU
		{2C0F630D-FD5D-4554-B8DD-F11BF4EB49C5}.Release|Any CPU.ActiveCfg = Release|Any CPU
		{2C0F630D-FD5D-4554-B8DD-F11BF4EB49C5}.Release|Any CPU.Build.0 = Release|Any CPU
		{2C0F630D-FD5D-4554-B8DD-F11BF4EB49C5}.Release|ARM.ActiveCfg = Release|Any CPU
		{2C0F630D-FD5D-4554-B8DD-F11BF4EB49C5}.Release|ARM.Build.0 = Release|Any CPU
		{2C0F630D-FD5D-4554-B8DD-F11BF4EB49C5}.Release|ARM64.ActiveCfg = Release|Any CPU
		{2C0F630D-FD5D-4554-B8DD-F11BF4EB49C5}.Release|ARM64.Build.0 = Release|Any CPU
		{2C0F630D-FD5D-4554-B8DD-F11BF4EB49C5}.Release|x64.ActiveCfg = Release|Any CPU
		{2C0F630D-FD5D-4554-B8DD-F11BF4EB49C5}.Release|x64.Build.0 = Release|Any CPU
		{2C0F630D-FD5D-4554-B8DD-F11BF4EB49C5}.Release|x86.ActiveCfg = Release|Any CPU
		{2C0F630D-FD5D-4554-B8DD-F11BF4EB49C5}.Release|x86.Build.0 = Release|Any CPU
		{92961CA3-ECAB-4920-95CA-F37E8F3EFDFA}.Debug|Any CPU.ActiveCfg = Debug|Any CPU
		{92961CA3-ECAB-4920-95CA-F37E8F3EFDFA}.Debug|Any CPU.Build.0 = Debug|Any CPU
		{92961CA3-ECAB-4920-95CA-F37E8F3EFDFA}.Debug|ARM.ActiveCfg = Debug|Any CPU
		{92961CA3-ECAB-4920-95CA-F37E8F3EFDFA}.Debug|ARM.Build.0 = Debug|Any CPU
		{92961CA3-ECAB-4920-95CA-F37E8F3EFDFA}.Debug|ARM64.ActiveCfg = Debug|Any CPU
		{92961CA3-ECAB-4920-95CA-F37E8F3EFDFA}.Debug|ARM64.Build.0 = Debug|Any CPU
		{92961CA3-ECAB-4920-95CA-F37E8F3EFDFA}.Debug|x64.ActiveCfg = Debug|Any CPU
		{92961CA3-ECAB-4920-95CA-F37E8F3EFDFA}.Debug|x64.Build.0 = Debug|Any CPU
		{92961CA3-ECAB-4920-95CA-F37E8F3EFDFA}.Debug|x86.ActiveCfg = Debug|Any CPU
		{92961CA3-ECAB-4920-95CA-F37E8F3EFDFA}.Debug|x86.Build.0 = Debug|Any CPU
		{92961CA3-ECAB-4920-95CA-F37E8F3EFDFA}.Release|Any CPU.ActiveCfg = Release|Any CPU
		{92961CA3-ECAB-4920-95CA-F37E8F3EFDFA}.Release|Any CPU.Build.0 = Release|Any CPU
		{92961CA3-ECAB-4920-95CA-F37E8F3EFDFA}.Release|ARM.ActiveCfg = Release|Any CPU
		{92961CA3-ECAB-4920-95CA-F37E8F3EFDFA}.Release|ARM.Build.0 = Release|Any CPU
		{92961CA3-ECAB-4920-95CA-F37E8F3EFDFA}.Release|ARM64.ActiveCfg = Release|Any CPU
		{92961CA3-ECAB-4920-95CA-F37E8F3EFDFA}.Release|ARM64.Build.0 = Release|Any CPU
		{92961CA3-ECAB-4920-95CA-F37E8F3EFDFA}.Release|x64.ActiveCfg = Release|Any CPU
		{92961CA3-ECAB-4920-95CA-F37E8F3EFDFA}.Release|x64.Build.0 = Release|Any CPU
		{92961CA3-ECAB-4920-95CA-F37E8F3EFDFA}.Release|x86.ActiveCfg = Release|Any CPU
		{92961CA3-ECAB-4920-95CA-F37E8F3EFDFA}.Release|x86.Build.0 = Release|Any CPU
		{BEA824B0-7684-44FF-95BF-A75E92A36C9F}.Debug|Any CPU.ActiveCfg = Debug|Any CPU
		{BEA824B0-7684-44FF-95BF-A75E92A36C9F}.Debug|Any CPU.Build.0 = Debug|Any CPU
		{BEA824B0-7684-44FF-95BF-A75E92A36C9F}.Debug|ARM.ActiveCfg = Debug|Any CPU
		{BEA824B0-7684-44FF-95BF-A75E92A36C9F}.Debug|ARM.Build.0 = Debug|Any CPU
		{BEA824B0-7684-44FF-95BF-A75E92A36C9F}.Debug|ARM64.ActiveCfg = Debug|Any CPU
		{BEA824B0-7684-44FF-95BF-A75E92A36C9F}.Debug|ARM64.Build.0 = Debug|Any CPU
		{BEA824B0-7684-44FF-95BF-A75E92A36C9F}.Debug|x64.ActiveCfg = Debug|Any CPU
		{BEA824B0-7684-44FF-95BF-A75E92A36C9F}.Debug|x64.Build.0 = Debug|Any CPU
		{BEA824B0-7684-44FF-95BF-A75E92A36C9F}.Debug|x86.ActiveCfg = Debug|Any CPU
		{BEA824B0-7684-44FF-95BF-A75E92A36C9F}.Debug|x86.Build.0 = Debug|Any CPU
		{BEA824B0-7684-44FF-95BF-A75E92A36C9F}.Release|Any CPU.ActiveCfg = Release|Any CPU
		{BEA824B0-7684-44FF-95BF-A75E92A36C9F}.Release|Any CPU.Build.0 = Release|Any CPU
		{BEA824B0-7684-44FF-95BF-A75E92A36C9F}.Release|ARM.ActiveCfg = Release|Any CPU
		{BEA824B0-7684-44FF-95BF-A75E92A36C9F}.Release|ARM.Build.0 = Release|Any CPU
		{BEA824B0-7684-44FF-95BF-A75E92A36C9F}.Release|ARM64.ActiveCfg = Release|Any CPU
		{BEA824B0-7684-44FF-95BF-A75E92A36C9F}.Release|ARM64.Build.0 = Release|Any CPU
		{BEA824B0-7684-44FF-95BF-A75E92A36C9F}.Release|x64.ActiveCfg = Release|Any CPU
		{BEA824B0-7684-44FF-95BF-A75E92A36C9F}.Release|x64.Build.0 = Release|Any CPU
		{BEA824B0-7684-44FF-95BF-A75E92A36C9F}.Release|x86.ActiveCfg = Release|Any CPU
		{BEA824B0-7684-44FF-95BF-A75E92A36C9F}.Release|x86.Build.0 = Release|Any CPU
		{F46D6CE5-4811-45B8-9CD4-3C993318A2E6}.Debug|Any CPU.ActiveCfg = Debug|Any CPU
		{F46D6CE5-4811-45B8-9CD4-3C993318A2E6}.Debug|Any CPU.Build.0 = Debug|Any CPU
		{F46D6CE5-4811-45B8-9CD4-3C993318A2E6}.Debug|ARM.ActiveCfg = Debug|Any CPU
		{F46D6CE5-4811-45B8-9CD4-3C993318A2E6}.Debug|ARM.Build.0 = Debug|Any CPU
		{F46D6CE5-4811-45B8-9CD4-3C993318A2E6}.Debug|ARM64.ActiveCfg = Debug|Any CPU
		{F46D6CE5-4811-45B8-9CD4-3C993318A2E6}.Debug|ARM64.Build.0 = Debug|Any CPU
		{F46D6CE5-4811-45B8-9CD4-3C993318A2E6}.Debug|x64.ActiveCfg = Debug|Any CPU
		{F46D6CE5-4811-45B8-9CD4-3C993318A2E6}.Debug|x64.Build.0 = Debug|Any CPU
		{F46D6CE5-4811-45B8-9CD4-3C993318A2E6}.Debug|x86.ActiveCfg = Debug|Any CPU
		{F46D6CE5-4811-45B8-9CD4-3C993318A2E6}.Debug|x86.Build.0 = Debug|Any CPU
		{F46D6CE5-4811-45B8-9CD4-3C993318A2E6}.Release|Any CPU.ActiveCfg = Release|Any CPU
		{F46D6CE5-4811-45B8-9CD4-3C993318A2E6}.Release|Any CPU.Build.0 = Release|Any CPU
		{F46D6CE5-4811-45B8-9CD4-3C993318A2E6}.Release|ARM.ActiveCfg = Release|Any CPU
		{F46D6CE5-4811-45B8-9CD4-3C993318A2E6}.Release|ARM.Build.0 = Release|Any CPU
		{F46D6CE5-4811-45B8-9CD4-3C993318A2E6}.Release|ARM64.ActiveCfg = Release|Any CPU
		{F46D6CE5-4811-45B8-9CD4-3C993318A2E6}.Release|ARM64.Build.0 = Release|Any CPU
		{F46D6CE5-4811-45B8-9CD4-3C993318A2E6}.Release|x64.ActiveCfg = Release|Any CPU
		{F46D6CE5-4811-45B8-9CD4-3C993318A2E6}.Release|x64.Build.0 = Release|Any CPU
		{F46D6CE5-4811-45B8-9CD4-3C993318A2E6}.Release|x86.ActiveCfg = Release|Any CPU
		{F46D6CE5-4811-45B8-9CD4-3C993318A2E6}.Release|x86.Build.0 = Release|Any CPU
		{35963404-39F6-4CDA-A0FE-A91036FA8DAC}.Debug|Any CPU.ActiveCfg = Debug|Any CPU
		{35963404-39F6-4CDA-A0FE-A91036FA8DAC}.Debug|Any CPU.Build.0 = Debug|Any CPU
		{35963404-39F6-4CDA-A0FE-A91036FA8DAC}.Debug|ARM.ActiveCfg = Debug|Any CPU
		{35963404-39F6-4CDA-A0FE-A91036FA8DAC}.Debug|ARM.Build.0 = Debug|Any CPU
		{35963404-39F6-4CDA-A0FE-A91036FA8DAC}.Debug|ARM64.ActiveCfg = Debug|Any CPU
		{35963404-39F6-4CDA-A0FE-A91036FA8DAC}.Debug|ARM64.Build.0 = Debug|Any CPU
		{35963404-39F6-4CDA-A0FE-A91036FA8DAC}.Debug|x64.ActiveCfg = Debug|Any CPU
		{35963404-39F6-4CDA-A0FE-A91036FA8DAC}.Debug|x64.Build.0 = Debug|Any CPU
		{35963404-39F6-4CDA-A0FE-A91036FA8DAC}.Debug|x86.ActiveCfg = Debug|Any CPU
		{35963404-39F6-4CDA-A0FE-A91036FA8DAC}.Debug|x86.Build.0 = Debug|Any CPU
		{35963404-39F6-4CDA-A0FE-A91036FA8DAC}.Release|Any CPU.ActiveCfg = Release|Any CPU
		{35963404-39F6-4CDA-A0FE-A91036FA8DAC}.Release|Any CPU.Build.0 = Release|Any CPU
		{35963404-39F6-4CDA-A0FE-A91036FA8DAC}.Release|ARM.ActiveCfg = Release|Any CPU
		{35963404-39F6-4CDA-A0FE-A91036FA8DAC}.Release|ARM.Build.0 = Release|Any CPU
		{35963404-39F6-4CDA-A0FE-A91036FA8DAC}.Release|ARM64.ActiveCfg = Release|Any CPU
		{35963404-39F6-4CDA-A0FE-A91036FA8DAC}.Release|ARM64.Build.0 = Release|Any CPU
		{35963404-39F6-4CDA-A0FE-A91036FA8DAC}.Release|x64.ActiveCfg = Release|Any CPU
		{35963404-39F6-4CDA-A0FE-A91036FA8DAC}.Release|x64.Build.0 = Release|Any CPU
		{35963404-39F6-4CDA-A0FE-A91036FA8DAC}.Release|x86.ActiveCfg = Release|Any CPU
		{35963404-39F6-4CDA-A0FE-A91036FA8DAC}.Release|x86.Build.0 = Release|Any CPU
		{C56E7DA4-4F15-490E-AE9F-3893238C56D1}.Debug|Any CPU.ActiveCfg = Debug|Any CPU
		{C56E7DA4-4F15-490E-AE9F-3893238C56D1}.Debug|Any CPU.Build.0 = Debug|Any CPU
		{C56E7DA4-4F15-490E-AE9F-3893238C56D1}.Debug|ARM.ActiveCfg = Debug|Any CPU
		{C56E7DA4-4F15-490E-AE9F-3893238C56D1}.Debug|ARM.Build.0 = Debug|Any CPU
		{C56E7DA4-4F15-490E-AE9F-3893238C56D1}.Debug|ARM64.ActiveCfg = Debug|Any CPU
		{C56E7DA4-4F15-490E-AE9F-3893238C56D1}.Debug|ARM64.Build.0 = Debug|Any CPU
		{C56E7DA4-4F15-490E-AE9F-3893238C56D1}.Debug|x64.ActiveCfg = Debug|Any CPU
		{C56E7DA4-4F15-490E-AE9F-3893238C56D1}.Debug|x64.Build.0 = Debug|Any CPU
		{C56E7DA4-4F15-490E-AE9F-3893238C56D1}.Debug|x86.ActiveCfg = Debug|Any CPU
		{C56E7DA4-4F15-490E-AE9F-3893238C56D1}.Debug|x86.Build.0 = Debug|Any CPU
		{C56E7DA4-4F15-490E-AE9F-3893238C56D1}.Release|Any CPU.ActiveCfg = Release|Any CPU
		{C56E7DA4-4F15-490E-AE9F-3893238C56D1}.Release|Any CPU.Build.0 = Release|Any CPU
		{C56E7DA4-4F15-490E-AE9F-3893238C56D1}.Release|ARM.ActiveCfg = Release|Any CPU
		{C56E7DA4-4F15-490E-AE9F-3893238C56D1}.Release|ARM.Build.0 = Release|Any CPU
		{C56E7DA4-4F15-490E-AE9F-3893238C56D1}.Release|ARM64.ActiveCfg = Release|Any CPU
		{C56E7DA4-4F15-490E-AE9F-3893238C56D1}.Release|ARM64.Build.0 = Release|Any CPU
		{C56E7DA4-4F15-490E-AE9F-3893238C56D1}.Release|x64.ActiveCfg = Release|Any CPU
		{C56E7DA4-4F15-490E-AE9F-3893238C56D1}.Release|x64.Build.0 = Release|Any CPU
		{C56E7DA4-4F15-490E-AE9F-3893238C56D1}.Release|x86.ActiveCfg = Release|Any CPU
		{C56E7DA4-4F15-490E-AE9F-3893238C56D1}.Release|x86.Build.0 = Release|Any CPU
		{CCB064F4-8CAE-4A88-BCA7-D7D9041C6E1B}.Debug|Any CPU.ActiveCfg = Debug|Any CPU
		{CCB064F4-8CAE-4A88-BCA7-D7D9041C6E1B}.Debug|Any CPU.Build.0 = Debug|Any CPU
		{CCB064F4-8CAE-4A88-BCA7-D7D9041C6E1B}.Debug|ARM.ActiveCfg = Debug|Any CPU
		{CCB064F4-8CAE-4A88-BCA7-D7D9041C6E1B}.Debug|ARM.Build.0 = Debug|Any CPU
		{CCB064F4-8CAE-4A88-BCA7-D7D9041C6E1B}.Debug|ARM64.ActiveCfg = Debug|Any CPU
		{CCB064F4-8CAE-4A88-BCA7-D7D9041C6E1B}.Debug|ARM64.Build.0 = Debug|Any CPU
		{CCB064F4-8CAE-4A88-BCA7-D7D9041C6E1B}.Debug|x64.ActiveCfg = Debug|Any CPU
		{CCB064F4-8CAE-4A88-BCA7-D7D9041C6E1B}.Debug|x64.Build.0 = Debug|Any CPU
		{CCB064F4-8CAE-4A88-BCA7-D7D9041C6E1B}.Debug|x86.ActiveCfg = Debug|Any CPU
		{CCB064F4-8CAE-4A88-BCA7-D7D9041C6E1B}.Debug|x86.Build.0 = Debug|Any CPU
		{CCB064F4-8CAE-4A88-BCA7-D7D9041C6E1B}.Release|Any CPU.ActiveCfg = Release|Any CPU
		{CCB064F4-8CAE-4A88-BCA7-D7D9041C6E1B}.Release|Any CPU.Build.0 = Release|Any CPU
		{CCB064F4-8CAE-4A88-BCA7-D7D9041C6E1B}.Release|ARM.ActiveCfg = Release|Any CPU
		{CCB064F4-8CAE-4A88-BCA7-D7D9041C6E1B}.Release|ARM.Build.0 = Release|Any CPU
		{CCB064F4-8CAE-4A88-BCA7-D7D9041C6E1B}.Release|ARM64.ActiveCfg = Release|Any CPU
		{CCB064F4-8CAE-4A88-BCA7-D7D9041C6E1B}.Release|ARM64.Build.0 = Release|Any CPU
		{CCB064F4-8CAE-4A88-BCA7-D7D9041C6E1B}.Release|x64.ActiveCfg = Release|Any CPU
		{CCB064F4-8CAE-4A88-BCA7-D7D9041C6E1B}.Release|x64.Build.0 = Release|Any CPU
		{CCB064F4-8CAE-4A88-BCA7-D7D9041C6E1B}.Release|x86.ActiveCfg = Release|Any CPU
		{CCB064F4-8CAE-4A88-BCA7-D7D9041C6E1B}.Release|x86.Build.0 = Release|Any CPU
		{A7E1383B-E334-4CC2-AF34-D413213847B6}.Debug|Any CPU.ActiveCfg = Debug|Any CPU
		{A7E1383B-E334-4CC2-AF34-D413213847B6}.Debug|Any CPU.Build.0 = Debug|Any CPU
		{A7E1383B-E334-4CC2-AF34-D413213847B6}.Debug|ARM.ActiveCfg = Debug|Any CPU
		{A7E1383B-E334-4CC2-AF34-D413213847B6}.Debug|ARM.Build.0 = Debug|Any CPU
		{A7E1383B-E334-4CC2-AF34-D413213847B6}.Debug|ARM64.ActiveCfg = Debug|Any CPU
		{A7E1383B-E334-4CC2-AF34-D413213847B6}.Debug|ARM64.Build.0 = Debug|Any CPU
		{A7E1383B-E334-4CC2-AF34-D413213847B6}.Debug|x64.ActiveCfg = Debug|Any CPU
		{A7E1383B-E334-4CC2-AF34-D413213847B6}.Debug|x64.Build.0 = Debug|Any CPU
		{A7E1383B-E334-4CC2-AF34-D413213847B6}.Debug|x86.ActiveCfg = Debug|Any CPU
		{A7E1383B-E334-4CC2-AF34-D413213847B6}.Debug|x86.Build.0 = Debug|Any CPU
		{A7E1383B-E334-4CC2-AF34-D413213847B6}.Release|Any CPU.ActiveCfg = Release|Any CPU
		{A7E1383B-E334-4CC2-AF34-D413213847B6}.Release|Any CPU.Build.0 = Release|Any CPU
		{A7E1383B-E334-4CC2-AF34-D413213847B6}.Release|ARM.ActiveCfg = Release|Any CPU
		{A7E1383B-E334-4CC2-AF34-D413213847B6}.Release|ARM.Build.0 = Release|Any CPU
		{A7E1383B-E334-4CC2-AF34-D413213847B6}.Release|ARM64.ActiveCfg = Release|Any CPU
		{A7E1383B-E334-4CC2-AF34-D413213847B6}.Release|ARM64.Build.0 = Release|Any CPU
		{A7E1383B-E334-4CC2-AF34-D413213847B6}.Release|x64.ActiveCfg = Release|Any CPU
		{A7E1383B-E334-4CC2-AF34-D413213847B6}.Release|x64.Build.0 = Release|Any CPU
		{A7E1383B-E334-4CC2-AF34-D413213847B6}.Release|x86.ActiveCfg = Release|Any CPU
		{A7E1383B-E334-4CC2-AF34-D413213847B6}.Release|x86.Build.0 = Release|Any CPU
		{02ACEF48-3BE8-43E5-9358-A914BCBEA7CA}.Debug|Any CPU.ActiveCfg = Debug|x64
		{02ACEF48-3BE8-43E5-9358-A914BCBEA7CA}.Debug|Any CPU.Build.0 = Debug|x64
		{02ACEF48-3BE8-43E5-9358-A914BCBEA7CA}.Debug|ARM.ActiveCfg = Debug|x64
		{02ACEF48-3BE8-43E5-9358-A914BCBEA7CA}.Debug|ARM.Build.0 = Debug|x64
		{02ACEF48-3BE8-43E5-9358-A914BCBEA7CA}.Debug|ARM64.ActiveCfg = Debug|arm64
		{02ACEF48-3BE8-43E5-9358-A914BCBEA7CA}.Debug|ARM64.Build.0 = Debug|arm64
		{02ACEF48-3BE8-43E5-9358-A914BCBEA7CA}.Debug|x64.ActiveCfg = Debug|x64
		{02ACEF48-3BE8-43E5-9358-A914BCBEA7CA}.Debug|x64.Build.0 = Debug|x64
		{02ACEF48-3BE8-43E5-9358-A914BCBEA7CA}.Debug|x86.ActiveCfg = Debug|x86
		{02ACEF48-3BE8-43E5-9358-A914BCBEA7CA}.Debug|x86.Build.0 = Debug|x86
		{02ACEF48-3BE8-43E5-9358-A914BCBEA7CA}.Release|Any CPU.ActiveCfg = Release|x64
		{02ACEF48-3BE8-43E5-9358-A914BCBEA7CA}.Release|Any CPU.Build.0 = Release|x64
		{02ACEF48-3BE8-43E5-9358-A914BCBEA7CA}.Release|ARM.ActiveCfg = Release|x64
		{02ACEF48-3BE8-43E5-9358-A914BCBEA7CA}.Release|ARM.Build.0 = Release|x64
		{02ACEF48-3BE8-43E5-9358-A914BCBEA7CA}.Release|ARM64.ActiveCfg = Release|arm64
		{02ACEF48-3BE8-43E5-9358-A914BCBEA7CA}.Release|ARM64.Build.0 = Release|arm64
		{02ACEF48-3BE8-43E5-9358-A914BCBEA7CA}.Release|x64.ActiveCfg = Release|x64
		{02ACEF48-3BE8-43E5-9358-A914BCBEA7CA}.Release|x64.Build.0 = Release|x64
		{02ACEF48-3BE8-43E5-9358-A914BCBEA7CA}.Release|x86.ActiveCfg = Release|x86
		{02ACEF48-3BE8-43E5-9358-A914BCBEA7CA}.Release|x86.Build.0 = Release|x86
		{6BB770CB-B0C1-4A82-86B1-3C56F4393BE1}.Debug|Any CPU.ActiveCfg = Debug|x64
		{6BB770CB-B0C1-4A82-86B1-3C56F4393BE1}.Debug|Any CPU.Build.0 = Debug|x64
		{6BB770CB-B0C1-4A82-86B1-3C56F4393BE1}.Debug|Any CPU.Deploy.0 = Debug|x64
		{6BB770CB-B0C1-4A82-86B1-3C56F4393BE1}.Debug|ARM.ActiveCfg = Debug|x64
		{6BB770CB-B0C1-4A82-86B1-3C56F4393BE1}.Debug|ARM.Build.0 = Debug|x64
		{6BB770CB-B0C1-4A82-86B1-3C56F4393BE1}.Debug|ARM.Deploy.0 = Debug|x64
		{6BB770CB-B0C1-4A82-86B1-3C56F4393BE1}.Debug|ARM64.ActiveCfg = Debug|arm64
		{6BB770CB-B0C1-4A82-86B1-3C56F4393BE1}.Debug|ARM64.Build.0 = Debug|arm64
		{6BB770CB-B0C1-4A82-86B1-3C56F4393BE1}.Debug|ARM64.Deploy.0 = Debug|arm64
		{6BB770CB-B0C1-4A82-86B1-3C56F4393BE1}.Debug|x64.ActiveCfg = Debug|x64
		{6BB770CB-B0C1-4A82-86B1-3C56F4393BE1}.Debug|x64.Build.0 = Debug|x64
		{6BB770CB-B0C1-4A82-86B1-3C56F4393BE1}.Debug|x64.Deploy.0 = Debug|x64
		{6BB770CB-B0C1-4A82-86B1-3C56F4393BE1}.Debug|x86.ActiveCfg = Debug|x86
		{6BB770CB-B0C1-4A82-86B1-3C56F4393BE1}.Debug|x86.Build.0 = Debug|x86
		{6BB770CB-B0C1-4A82-86B1-3C56F4393BE1}.Debug|x86.Deploy.0 = Debug|x86
		{6BB770CB-B0C1-4A82-86B1-3C56F4393BE1}.Release|Any CPU.ActiveCfg = Release|x64
		{6BB770CB-B0C1-4A82-86B1-3C56F4393BE1}.Release|Any CPU.Build.0 = Release|x64
		{6BB770CB-B0C1-4A82-86B1-3C56F4393BE1}.Release|Any CPU.Deploy.0 = Release|x64
		{6BB770CB-B0C1-4A82-86B1-3C56F4393BE1}.Release|ARM.ActiveCfg = Release|x64
		{6BB770CB-B0C1-4A82-86B1-3C56F4393BE1}.Release|ARM.Build.0 = Release|x64
		{6BB770CB-B0C1-4A82-86B1-3C56F4393BE1}.Release|ARM.Deploy.0 = Release|x64
		{6BB770CB-B0C1-4A82-86B1-3C56F4393BE1}.Release|ARM64.ActiveCfg = Release|arm64
		{6BB770CB-B0C1-4A82-86B1-3C56F4393BE1}.Release|ARM64.Build.0 = Release|arm64
		{6BB770CB-B0C1-4A82-86B1-3C56F4393BE1}.Release|ARM64.Deploy.0 = Release|arm64
		{6BB770CB-B0C1-4A82-86B1-3C56F4393BE1}.Release|x64.ActiveCfg = Release|x64
		{6BB770CB-B0C1-4A82-86B1-3C56F4393BE1}.Release|x64.Build.0 = Release|x64
		{6BB770CB-B0C1-4A82-86B1-3C56F4393BE1}.Release|x64.Deploy.0 = Release|x64
		{6BB770CB-B0C1-4A82-86B1-3C56F4393BE1}.Release|x86.ActiveCfg = Release|x86
		{6BB770CB-B0C1-4A82-86B1-3C56F4393BE1}.Release|x86.Build.0 = Release|x86
		{6BB770CB-B0C1-4A82-86B1-3C56F4393BE1}.Release|x86.Deploy.0 = Release|x86
		{9BDAC126-200F-4056-8D35-36EC059B40F3}.Debug|Any CPU.ActiveCfg = Debug|Any CPU
		{9BDAC126-200F-4056-8D35-36EC059B40F3}.Debug|Any CPU.Build.0 = Debug|Any CPU
		{9BDAC126-200F-4056-8D35-36EC059B40F3}.Debug|ARM.ActiveCfg = Debug|Any CPU
		{9BDAC126-200F-4056-8D35-36EC059B40F3}.Debug|ARM.Build.0 = Debug|Any CPU
		{9BDAC126-200F-4056-8D35-36EC059B40F3}.Debug|ARM64.ActiveCfg = Debug|Any CPU
		{9BDAC126-200F-4056-8D35-36EC059B40F3}.Debug|ARM64.Build.0 = Debug|Any CPU
		{9BDAC126-200F-4056-8D35-36EC059B40F3}.Debug|x64.ActiveCfg = Debug|Any CPU
		{9BDAC126-200F-4056-8D35-36EC059B40F3}.Debug|x64.Build.0 = Debug|Any CPU
		{9BDAC126-200F-4056-8D35-36EC059B40F3}.Debug|x86.ActiveCfg = Debug|Any CPU
		{9BDAC126-200F-4056-8D35-36EC059B40F3}.Debug|x86.Build.0 = Debug|Any CPU
		{9BDAC126-200F-4056-8D35-36EC059B40F3}.Release|Any CPU.ActiveCfg = Release|Any CPU
		{9BDAC126-200F-4056-8D35-36EC059B40F3}.Release|Any CPU.Build.0 = Release|Any CPU
		{9BDAC126-200F-4056-8D35-36EC059B40F3}.Release|ARM.ActiveCfg = Release|Any CPU
		{9BDAC126-200F-4056-8D35-36EC059B40F3}.Release|ARM.Build.0 = Release|Any CPU
		{9BDAC126-200F-4056-8D35-36EC059B40F3}.Release|ARM64.ActiveCfg = Release|Any CPU
		{9BDAC126-200F-4056-8D35-36EC059B40F3}.Release|ARM64.Build.0 = Release|Any CPU
		{9BDAC126-200F-4056-8D35-36EC059B40F3}.Release|x64.ActiveCfg = Release|Any CPU
		{9BDAC126-200F-4056-8D35-36EC059B40F3}.Release|x64.Build.0 = Release|Any CPU
		{9BDAC126-200F-4056-8D35-36EC059B40F3}.Release|x86.ActiveCfg = Release|Any CPU
		{9BDAC126-200F-4056-8D35-36EC059B40F3}.Release|x86.Build.0 = Release|Any CPU
		{22B33BC6-3987-4BE6-8C54-BFC75C78CCE7}.Debug|Any CPU.ActiveCfg = Debug|Any CPU
		{22B33BC6-3987-4BE6-8C54-BFC75C78CCE7}.Debug|Any CPU.Build.0 = Debug|Any CPU
		{22B33BC6-3987-4BE6-8C54-BFC75C78CCE7}.Debug|ARM.ActiveCfg = Debug|Any CPU
		{22B33BC6-3987-4BE6-8C54-BFC75C78CCE7}.Debug|ARM.Build.0 = Debug|Any CPU
		{22B33BC6-3987-4BE6-8C54-BFC75C78CCE7}.Debug|ARM64.ActiveCfg = Debug|Any CPU
		{22B33BC6-3987-4BE6-8C54-BFC75C78CCE7}.Debug|ARM64.Build.0 = Debug|Any CPU
		{22B33BC6-3987-4BE6-8C54-BFC75C78CCE7}.Debug|x64.ActiveCfg = Debug|Any CPU
		{22B33BC6-3987-4BE6-8C54-BFC75C78CCE7}.Debug|x64.Build.0 = Debug|Any CPU
		{22B33BC6-3987-4BE6-8C54-BFC75C78CCE7}.Debug|x86.ActiveCfg = Debug|Any CPU
		{22B33BC6-3987-4BE6-8C54-BFC75C78CCE7}.Debug|x86.Build.0 = Debug|Any CPU
		{22B33BC6-3987-4BE6-8C54-BFC75C78CCE7}.Release|Any CPU.ActiveCfg = Release|Any CPU
		{22B33BC6-3987-4BE6-8C54-BFC75C78CCE7}.Release|Any CPU.Build.0 = Release|Any CPU
		{22B33BC6-3987-4BE6-8C54-BFC75C78CCE7}.Release|ARM.ActiveCfg = Release|Any CPU
		{22B33BC6-3987-4BE6-8C54-BFC75C78CCE7}.Release|ARM.Build.0 = Release|Any CPU
		{22B33BC6-3987-4BE6-8C54-BFC75C78CCE7}.Release|ARM64.ActiveCfg = Release|Any CPU
		{22B33BC6-3987-4BE6-8C54-BFC75C78CCE7}.Release|ARM64.Build.0 = Release|Any CPU
		{22B33BC6-3987-4BE6-8C54-BFC75C78CCE7}.Release|x64.ActiveCfg = Release|Any CPU
		{22B33BC6-3987-4BE6-8C54-BFC75C78CCE7}.Release|x64.Build.0 = Release|Any CPU
		{22B33BC6-3987-4BE6-8C54-BFC75C78CCE7}.Release|x86.ActiveCfg = Release|Any CPU
		{22B33BC6-3987-4BE6-8C54-BFC75C78CCE7}.Release|x86.Build.0 = Release|Any CPU
	EndGlobalSection
	GlobalSection(SolutionProperties) = preSolution
		HideSolutionNode = FALSE
	EndGlobalSection
	GlobalSection(NestedProjects) = preSolution
		{F5C58BDC-BDCE-47B8-9371-70DB815E9B0E} = {38B1B927-4201-4B7A-87EE-737B8C6D4090}
		{EC1F7FC4-5600-4953-A85A-534CA43601C3} = {1E192D23-2B2B-47E1-915C-82A061C05580}
		{A88EB44A-EE33-4A91-8C61-B33B31C9DF07} = {1E192D23-2B2B-47E1-915C-82A061C05580}
		{AAE01ED7-2E8B-40A2-AD0E-95BDA7C99272} = {517D96CE-A956-4638-A93D-465D34DE22B1}
		{2C0F630D-FD5D-4554-B8DD-F11BF4EB49C5} = {D4C7E692-53C0-4423-9944-E25FE3D51BA2}
		{92961CA3-ECAB-4920-95CA-F37E8F3EFDFA} = {D4C7E692-53C0-4423-9944-E25FE3D51BA2}
		{BEA824B0-7684-44FF-95BF-A75E92A36C9F} = {D4C7E692-53C0-4423-9944-E25FE3D51BA2}
		{F46D6CE5-4811-45B8-9CD4-3C993318A2E6} = {D4C7E692-53C0-4423-9944-E25FE3D51BA2}
		{35963404-39F6-4CDA-A0FE-A91036FA8DAC} = {517D96CE-A956-4638-A93D-465D34DE22B1}
		{7CF1A80E-709A-4CB0-8434-7B2F0A4BC497} = {890275FF-943A-4D07-83BA-14E5C52D7846}
		{6279C845-92F8-4333-AB99-3D213163593C} = {7CF1A80E-709A-4CB0-8434-7B2F0A4BC497}
		{C56E7DA4-4F15-490E-AE9F-3893238C56D1} = {7CF1A80E-709A-4CB0-8434-7B2F0A4BC497}
		{CCB064F4-8CAE-4A88-BCA7-D7D9041C6E1B} = {7CF1A80E-709A-4CB0-8434-7B2F0A4BC497}
		{A7E1383B-E334-4CC2-AF34-D413213847B6} = {7CF1A80E-709A-4CB0-8434-7B2F0A4BC497}
		{02ACEF48-3BE8-43E5-9358-A914BCBEA7CA} = {7CF1A80E-709A-4CB0-8434-7B2F0A4BC497}
		{6BB770CB-B0C1-4A82-86B1-3C56F4393BE1} = {7CF1A80E-709A-4CB0-8434-7B2F0A4BC497}
		{9BDAC126-200F-4056-8D35-36EC059B40F3} = {38B1B927-4201-4B7A-87EE-737B8C6D4090}
		{22B33BC6-3987-4BE6-8C54-BFC75C78CCE7} = {890275FF-943A-4D07-83BA-14E5C52D7846}
	EndGlobalSection
	GlobalSection(ExtensibilityGlobals) = postSolution
		SolutionGuid = {8D679DCE-AC84-4A91-BFED-8F8D8E1D8183}
	EndGlobalSection
EndGlobal
