
Microsoft Visual Studio Solution File, Format Version 12.00
# Visual Studio Version 17
VisualStudioVersion = 17.1.32203.90
MinimumVisualStudioVersion = 10.0.40219.1
Project("{2150E333-8FDC-42A3-9474-1A3956D46DE8}") = "Core", "Core", "{3324D046-1E05-46B5-B1BA-82910D56B332}"
EndProject
Project("{9A19103F-16F7-4668-BE54-9A1E7A4F7556}") = "FileTime.Core.Abstraction", "Core\FileTime.Core.Abstraction\FileTime.Core.Abstraction.csproj", "{99562652-F633-4496-9932-AF8E614906C4}"
EndProject
Project("{9A19103F-16F7-4668-BE54-9A1E7A4F7556}") = "FileTime.Core.Models", "Core\FileTime.Core.Models\FileTime.Core.Models.csproj", "{E4681ADE-BAF7-4903-BD2F-59C144AE5637}"
EndProject
Project("{9A19103F-16F7-4668-BE54-9A1E7A4F7556}") = "FileTime.Core.Services", "Core\FileTime.Core.Services\FileTime.Core.Services.csproj", "{5DEA3A08-62FF-4508-B755-3DABA96FC2B2}"
EndProject
Project("{2150E333-8FDC-42A3-9474-1A3956D46DE8}") = "GuiApp", "GuiApp", "{8ADCA794-440F-4E8F-B9F2-2A30E54119A7}"
EndProject
Project("{2150E333-8FDC-42A3-9474-1A3956D46DE8}") = "ConsoleApp", "ConsoleApp", "{CAEEAD3C-41EB-405C-ACA9-BA1E4C352549}"
EndProject
Project("{2150E333-8FDC-42A3-9474-1A3956D46DE8}") = "AppCommon", "AppCommon", "{A5291117-3001-498B-AC8B-E14F71F72570}"
EndProject
Project("{2150E333-8FDC-42A3-9474-1A3956D46DE8}") = "Avalonia", "Avalonia", "{01F231DE-4A65-435F-B4BB-77EE5221890C}"
EndProject
Project("{9A19103F-16F7-4668-BE54-9A1E7A4F7556}") = "FileTime.GuiApp.App", "GuiApp\Avalonia\FileTime.GuiApp.App\FileTime.GuiApp.App.csproj", "{C389087E-EB78-4DCD-96AF-F1E2A4DEE0B0}"
EndProject
Project("{2150E333-8FDC-42A3-9474-1A3956D46DE8}") = "Providers", "Providers", "{2FC40FE1-4446-44AB-BF77-00F94D995FA3}"
EndProject
Project("{9A19103F-16F7-4668-BE54-9A1E7A4F7556}") = "FileTime.Providers.Local", "Providers\FileTime.Providers.Local\FileTime.Providers.Local.csproj", "{EA3C5B46-3950-4CD6-8FA9-45E17C63DAFA}"
EndProject
Project("{9A19103F-16F7-4668-BE54-9A1E7A4F7556}") = "FileTime.App.DependencyInjection", "AppCommon\FileTime.App.DependencyInjection\FileTime.App.DependencyInjection.csproj", "{A55F4A86-03ED-4D25-807A-04619A1D9507}"
EndProject
Project("{9A19103F-16F7-4668-BE54-9A1E7A4F7556}") = "FileTime.ConsoleUI", "ConsoleApp\FileTime.ConsoleUI\FileTime.ConsoleUI.csproj", "{67D4102C-8B92-451C-B4A9-5A82B68A7A5D}"
EndProject
Project("{9A19103F-16F7-4668-BE54-9A1E7A4F7556}") = "FileTime.ConsoleUI.App", "ConsoleApp\FileTime.ConsoleUI.App\FileTime.ConsoleUI.App.csproj", "{77ABB06A-43AF-49D6-A802-A389CCB53724}"
EndProject
Project("{2150E333-8FDC-42A3-9474-1A3956D46DE8}") = "Library", "Library", "{07CA18AA-B85D-4DEE-BB86-F569F6029853}"
EndProject
Project("{9A19103F-16F7-4668-BE54-9A1E7A4F7556}") = "InitableService", "Library\InitableService\InitableService.csproj", "{C67E3453-9730-40B5-8D2D-5D4EEBE008E2}"
EndProject
Project("{9A19103F-16F7-4668-BE54-9A1E7A4F7556}") = "FileTime.App.Core", "AppCommon\FileTime.App.Core\FileTime.App.Core.csproj", "{FC4AE72E-E302-45A0-BB9D-E87BB3250F0D}"
EndProject
Project("{9A19103F-16F7-4668-BE54-9A1E7A4F7556}") = "FileTime.App.Core.Abstraction", "AppCommon\FileTime.App.Core.Abstraction\FileTime.App.Core.Abstraction.csproj", "{3E9CCD7F-86AA-4BD8-A100-0CD71BDB1AA0}"
EndProject
Project("{9A19103F-16F7-4668-BE54-9A1E7A4F7556}") = "FileTime.GuiApp", "GuiApp\Avalonia\FileTime.GuiApp\FileTime.GuiApp.csproj", "{26331AB9-6E4D-40DB-8FF0-CB7133F67CA0}"
EndProject
Project("{9A19103F-16F7-4668-BE54-9A1E7A4F7556}") = "FileTime.GuiApp.CustomImpl", "GuiApp\Avalonia\FileTime.GuiApp.CustomImpl\FileTime.GuiApp.CustomImpl.csproj", "{4B742649-225F-4C73-B118-1B29FE2A5774}"
EndProject
Project("{9A19103F-16F7-4668-BE54-9A1E7A4F7556}") = "FileTime.Providers.Local.Abstractions", "Providers\FileTime.Providers.Local.Abstractions\FileTime.Providers.Local.Abstractions.csproj", "{1500A537-2116-4111-B216-7632040619B0}"
EndProject
Project("{9A19103F-16F7-4668-BE54-9A1E7A4F7556}") = "FileTime.GuiApp.Abstractions", "GuiApp\Avalonia\FileTime.GuiApp.Abstractions\FileTime.GuiApp.Abstractions.csproj", "{D7D1C76A-05B0-49BC-BCFF-06340E264EC1}"
EndProject
Project("{2150E333-8FDC-42A3-9474-1A3956D46DE8}") = "Tools", "Tools", "{8C3CFEFE-78A5-4940-B388-D15FCE02ECE9}"
EndProject
Project("{FAE04EC0-301F-11D3-BF4B-00C04F79EFBC}") = "FileTime.Tools", "Tools\FileTime.Tools\FileTime.Tools.csproj", "{B7A45654-E56C-43C8-998E-0F4661395540}"
EndProject
Project("{FAE04EC0-301F-11D3-BF4B-00C04F79EFBC}") = "FileTime.Core.Command", "Core\FileTime.Core.Command\FileTime.Core.Command.csproj", "{1846BE76-8F68-4FC3-8954-871F14743F0B}"
EndProject
Global
	GlobalSection(SolutionConfigurationPlatforms) = preSolution
		Debug|Any CPU = Debug|Any CPU
		Release|Any CPU = Release|Any CPU
	EndGlobalSection
	GlobalSection(ProjectConfigurationPlatforms) = postSolution
		{99562652-F633-4496-9932-AF8E614906C4}.Debug|Any CPU.ActiveCfg = Debug|Any CPU
		{99562652-F633-4496-9932-AF8E614906C4}.Debug|Any CPU.Build.0 = Debug|Any CPU
		{99562652-F633-4496-9932-AF8E614906C4}.Release|Any CPU.ActiveCfg = Release|Any CPU
		{99562652-F633-4496-9932-AF8E614906C4}.Release|Any CPU.Build.0 = Release|Any CPU
		{E4681ADE-BAF7-4903-BD2F-59C144AE5637}.Debug|Any CPU.ActiveCfg = Debug|Any CPU
		{E4681ADE-BAF7-4903-BD2F-59C144AE5637}.Debug|Any CPU.Build.0 = Debug|Any CPU
		{E4681ADE-BAF7-4903-BD2F-59C144AE5637}.Release|Any CPU.ActiveCfg = Release|Any CPU
		{E4681ADE-BAF7-4903-BD2F-59C144AE5637}.Release|Any CPU.Build.0 = Release|Any CPU
		{5DEA3A08-62FF-4508-B755-3DABA96FC2B2}.Debug|Any CPU.ActiveCfg = Debug|Any CPU
		{5DEA3A08-62FF-4508-B755-3DABA96FC2B2}.Debug|Any CPU.Build.0 = Debug|Any CPU
		{5DEA3A08-62FF-4508-B755-3DABA96FC2B2}.Release|Any CPU.ActiveCfg = Release|Any CPU
		{5DEA3A08-62FF-4508-B755-3DABA96FC2B2}.Release|Any CPU.Build.0 = Release|Any CPU
		{C389087E-EB78-4DCD-96AF-F1E2A4DEE0B0}.Debug|Any CPU.ActiveCfg = Debug|Any CPU
		{C389087E-EB78-4DCD-96AF-F1E2A4DEE0B0}.Debug|Any CPU.Build.0 = Debug|Any CPU
		{C389087E-EB78-4DCD-96AF-F1E2A4DEE0B0}.Release|Any CPU.ActiveCfg = Release|Any CPU
		{C389087E-EB78-4DCD-96AF-F1E2A4DEE0B0}.Release|Any CPU.Build.0 = Release|Any CPU
		{EA3C5B46-3950-4CD6-8FA9-45E17C63DAFA}.Debug|Any CPU.ActiveCfg = Debug|Any CPU
		{EA3C5B46-3950-4CD6-8FA9-45E17C63DAFA}.Debug|Any CPU.Build.0 = Debug|Any CPU
		{EA3C5B46-3950-4CD6-8FA9-45E17C63DAFA}.Release|Any CPU.ActiveCfg = Release|Any CPU
		{EA3C5B46-3950-4CD6-8FA9-45E17C63DAFA}.Release|Any CPU.Build.0 = Release|Any CPU
		{A55F4A86-03ED-4D25-807A-04619A1D9507}.Debug|Any CPU.ActiveCfg = Debug|Any CPU
		{A55F4A86-03ED-4D25-807A-04619A1D9507}.Debug|Any CPU.Build.0 = Debug|Any CPU
		{A55F4A86-03ED-4D25-807A-04619A1D9507}.Release|Any CPU.ActiveCfg = Release|Any CPU
		{A55F4A86-03ED-4D25-807A-04619A1D9507}.Release|Any CPU.Build.0 = Release|Any CPU
		{67D4102C-8B92-451C-B4A9-5A82B68A7A5D}.Debug|Any CPU.ActiveCfg = Debug|Any CPU
		{67D4102C-8B92-451C-B4A9-5A82B68A7A5D}.Debug|Any CPU.Build.0 = Debug|Any CPU
		{67D4102C-8B92-451C-B4A9-5A82B68A7A5D}.Release|Any CPU.ActiveCfg = Release|Any CPU
		{67D4102C-8B92-451C-B4A9-5A82B68A7A5D}.Release|Any CPU.Build.0 = Release|Any CPU
		{77ABB06A-43AF-49D6-A802-A389CCB53724}.Debug|Any CPU.ActiveCfg = Debug|Any CPU
		{77ABB06A-43AF-49D6-A802-A389CCB53724}.Debug|Any CPU.Build.0 = Debug|Any CPU
		{77ABB06A-43AF-49D6-A802-A389CCB53724}.Release|Any CPU.ActiveCfg = Release|Any CPU
		{77ABB06A-43AF-49D6-A802-A389CCB53724}.Release|Any CPU.Build.0 = Release|Any CPU
		{C67E3453-9730-40B5-8D2D-5D4EEBE008E2}.Debug|Any CPU.ActiveCfg = Debug|Any CPU
		{C67E3453-9730-40B5-8D2D-5D4EEBE008E2}.Debug|Any CPU.Build.0 = Debug|Any CPU
		{C67E3453-9730-40B5-8D2D-5D4EEBE008E2}.Release|Any CPU.ActiveCfg = Release|Any CPU
		{C67E3453-9730-40B5-8D2D-5D4EEBE008E2}.Release|Any CPU.Build.0 = Release|Any CPU
		{FC4AE72E-E302-45A0-BB9D-E87BB3250F0D}.Debug|Any CPU.ActiveCfg = Debug|Any CPU
		{FC4AE72E-E302-45A0-BB9D-E87BB3250F0D}.Debug|Any CPU.Build.0 = Debug|Any CPU
		{FC4AE72E-E302-45A0-BB9D-E87BB3250F0D}.Release|Any CPU.ActiveCfg = Release|Any CPU
		{FC4AE72E-E302-45A0-BB9D-E87BB3250F0D}.Release|Any CPU.Build.0 = Release|Any CPU
		{3E9CCD7F-86AA-4BD8-A100-0CD71BDB1AA0}.Debug|Any CPU.ActiveCfg = Debug|Any CPU
		{3E9CCD7F-86AA-4BD8-A100-0CD71BDB1AA0}.Debug|Any CPU.Build.0 = Debug|Any CPU
		{3E9CCD7F-86AA-4BD8-A100-0CD71BDB1AA0}.Release|Any CPU.ActiveCfg = Release|Any CPU
		{3E9CCD7F-86AA-4BD8-A100-0CD71BDB1AA0}.Release|Any CPU.Build.0 = Release|Any CPU
		{26331AB9-6E4D-40DB-8FF0-CB7133F67CA0}.Debug|Any CPU.ActiveCfg = Debug|Any CPU
		{26331AB9-6E4D-40DB-8FF0-CB7133F67CA0}.Debug|Any CPU.Build.0 = Debug|Any CPU
		{26331AB9-6E4D-40DB-8FF0-CB7133F67CA0}.Release|Any CPU.ActiveCfg = Release|Any CPU
		{26331AB9-6E4D-40DB-8FF0-CB7133F67CA0}.Release|Any CPU.Build.0 = Release|Any CPU
		{4B742649-225F-4C73-B118-1B29FE2A5774}.Debug|Any CPU.ActiveCfg = Debug|Any CPU
		{4B742649-225F-4C73-B118-1B29FE2A5774}.Debug|Any CPU.Build.0 = Debug|Any CPU
		{4B742649-225F-4C73-B118-1B29FE2A5774}.Release|Any CPU.ActiveCfg = Release|Any CPU
		{4B742649-225F-4C73-B118-1B29FE2A5774}.Release|Any CPU.Build.0 = Release|Any CPU
		{1500A537-2116-4111-B216-7632040619B0}.Debug|Any CPU.ActiveCfg = Debug|Any CPU
		{1500A537-2116-4111-B216-7632040619B0}.Debug|Any CPU.Build.0 = Debug|Any CPU
		{1500A537-2116-4111-B216-7632040619B0}.Release|Any CPU.ActiveCfg = Release|Any CPU
		{1500A537-2116-4111-B216-7632040619B0}.Release|Any CPU.Build.0 = Release|Any CPU
		{D7D1C76A-05B0-49BC-BCFF-06340E264EC1}.Debug|Any CPU.ActiveCfg = Debug|Any CPU
		{D7D1C76A-05B0-49BC-BCFF-06340E264EC1}.Debug|Any CPU.Build.0 = Debug|Any CPU
		{D7D1C76A-05B0-49BC-BCFF-06340E264EC1}.Release|Any CPU.ActiveCfg = Release|Any CPU
		{D7D1C76A-05B0-49BC-BCFF-06340E264EC1}.Release|Any CPU.Build.0 = Release|Any CPU
		{B7A45654-E56C-43C8-998E-0F4661395540}.Debug|Any CPU.ActiveCfg = Debug|Any CPU
		{B7A45654-E56C-43C8-998E-0F4661395540}.Debug|Any CPU.Build.0 = Debug|Any CPU
		{B7A45654-E56C-43C8-998E-0F4661395540}.Release|Any CPU.ActiveCfg = Release|Any CPU
		{B7A45654-E56C-43C8-998E-0F4661395540}.Release|Any CPU.Build.0 = Release|Any CPU
		{1846BE76-8F68-4FC3-8954-871F14743F0B}.Debug|Any CPU.ActiveCfg = Debug|Any CPU
		{1846BE76-8F68-4FC3-8954-871F14743F0B}.Debug|Any CPU.Build.0 = Debug|Any CPU
		{1846BE76-8F68-4FC3-8954-871F14743F0B}.Release|Any CPU.ActiveCfg = Release|Any CPU
		{1846BE76-8F68-4FC3-8954-871F14743F0B}.Release|Any CPU.Build.0 = Release|Any CPU
	EndGlobalSection
	GlobalSection(SolutionProperties) = preSolution
		HideSolutionNode = FALSE
	EndGlobalSection
	GlobalSection(NestedProjects) = preSolution
		{99562652-F633-4496-9932-AF8E614906C4} = {3324D046-1E05-46B5-B1BA-82910D56B332}
		{E4681ADE-BAF7-4903-BD2F-59C144AE5637} = {3324D046-1E05-46B5-B1BA-82910D56B332}
		{5DEA3A08-62FF-4508-B755-3DABA96FC2B2} = {3324D046-1E05-46B5-B1BA-82910D56B332}
		{01F231DE-4A65-435F-B4BB-77EE5221890C} = {8ADCA794-440F-4E8F-B9F2-2A30E54119A7}
		{C389087E-EB78-4DCD-96AF-F1E2A4DEE0B0} = {01F231DE-4A65-435F-B4BB-77EE5221890C}
		{EA3C5B46-3950-4CD6-8FA9-45E17C63DAFA} = {2FC40FE1-4446-44AB-BF77-00F94D995FA3}
		{A55F4A86-03ED-4D25-807A-04619A1D9507} = {A5291117-3001-498B-AC8B-E14F71F72570}
		{67D4102C-8B92-451C-B4A9-5A82B68A7A5D} = {CAEEAD3C-41EB-405C-ACA9-BA1E4C352549}
		{77ABB06A-43AF-49D6-A802-A389CCB53724} = {CAEEAD3C-41EB-405C-ACA9-BA1E4C352549}
		{C67E3453-9730-40B5-8D2D-5D4EEBE008E2} = {07CA18AA-B85D-4DEE-BB86-F569F6029853}
		{FC4AE72E-E302-45A0-BB9D-E87BB3250F0D} = {A5291117-3001-498B-AC8B-E14F71F72570}
		{3E9CCD7F-86AA-4BD8-A100-0CD71BDB1AA0} = {A5291117-3001-498B-AC8B-E14F71F72570}
		{26331AB9-6E4D-40DB-8FF0-CB7133F67CA0} = {01F231DE-4A65-435F-B4BB-77EE5221890C}
		{4B742649-225F-4C73-B118-1B29FE2A5774} = {01F231DE-4A65-435F-B4BB-77EE5221890C}
		{1500A537-2116-4111-B216-7632040619B0} = {2FC40FE1-4446-44AB-BF77-00F94D995FA3}
		{D7D1C76A-05B0-49BC-BCFF-06340E264EC1} = {01F231DE-4A65-435F-B4BB-77EE5221890C}
		{B7A45654-E56C-43C8-998E-0F4661395540} = {8C3CFEFE-78A5-4940-B388-D15FCE02ECE9}
		{1846BE76-8F68-4FC3-8954-871F14743F0B} = {3324D046-1E05-46B5-B1BA-82910D56B332}
	EndGlobalSection
	GlobalSection(ExtensibilityGlobals) = postSolution
		SolutionGuid = {859FB3DF-C60A-46B1-82E5-90274905D1EF}
	EndGlobalSection
EndGlobal
